
Microsoft Visual Studio Solution File, Format Version 12.00
# Visual Studio 2013
VisualStudioVersion = 12.0.21005.1
MinimumVisualStudioVersion = 10.0.40219.1
Project("{FAE04EC0-301F-11D3-BF4B-00C04F79EFBC}") = "1.DebitCard", "3.Baisc Syntax\1.DebitCard.csproj", "{9FE11203-D052-4D63-AAD5-A4C632260A04}"
EndProject
Project("{FAE04EC0-301F-11D3-BF4B-00C04F79EFBC}") = "2.RectangleArea", "2.RectangleArea\2.RectangleArea.csproj", "{816930CA-D34B-42AA-B4DD-9532C0E41881}"
EndProject
Project("{FAE04EC0-301F-11D3-BF4B-00C04F79EFBC}") = "3.MilesToKm", "3.MilesToKm\3.MilesToKm.csproj", "{A2901451-B54D-4E13-A3A4-32775A08498C}"
EndProject
Project("{FAE04EC0-301F-11D3-BF4B-00C04F79EFBC}") = "4.BevarageLabels", "4.BevarageLabels\4.BevarageLabels.csproj", "{7CD91523-598F-4CFF-A0E7-6CA1BF5E7F60}"
EndProject
Project("{FAE04EC0-301F-11D3-BF4B-00C04F79EFBC}") = "5.CharacterStats", "5.CharacterStats\5.CharacterStats.csproj", "{7EDC49FB-34A8-4BD6-9352-C2EA355C306B}"
EndProject
Global
	GlobalSection(SolutionConfigurationPlatforms) = preSolution
		Debug|Any CPU = Debug|Any CPU
		Release|Any CPU = Release|Any CPU
	EndGlobalSection
	GlobalSection(ProjectConfigurationPlatforms) = postSolution
		{9FE11203-D052-4D63-AAD5-A4C632260A04}.Debug|Any CPU.ActiveCfg = Debug|Any CPU
		{9FE11203-D052-4D63-AAD5-A4C632260A04}.Debug|Any CPU.Build.0 = Debug|Any CPU
		{9FE11203-D052-4D63-AAD5-A4C632260A04}.Release|Any CPU.ActiveCfg = Release|Any CPU
		{9FE11203-D052-4D63-AAD5-A4C632260A04}.Release|Any CPU.Build.0 = Release|Any CPU
		{816930CA-D34B-42AA-B4DD-9532C0E41881}.Debug|Any CPU.ActiveCfg = Debug|Any CPU
		{816930CA-D34B-42AA-B4DD-9532C0E41881}.Debug|Any CPU.Build.0 = Debug|Any CPU
		{816930CA-D34B-42AA-B4DD-9532C0E41881}.Release|Any CPU.ActiveCfg = Release|Any CPU
		{816930CA-D34B-42AA-B4DD-9532C0E41881}.Release|Any CPU.Build.0 = Release|Any CPU
		{A2901451-B54D-4E13-A3A4-32775A08498C}.Debug|Any CPU.ActiveCfg = Debug|Any CPU
		{A2901451-B54D-4E13-A3A4-32775A08498C}.Debug|Any CPU.Build.0 = Debug|Any CPU
		{A2901451-B54D-4E13-A3A4-32775A08498C}.Release|Any CPU.ActiveCfg = Release|Any CPU
		{A2901451-B54D-4E13-A3A4-32775A08498C}.Release|Any CPU.Build.0 = Release|Any CPU
		{7CD91523-598F-4CFF-A0E7-6CA1BF5E7F60}.Debug|Any CPU.ActiveCfg = Debug|Any CPU
		{7CD91523-598F-4CFF-A0E7-6CA1BF5E7F60}.Debug|Any CPU.Build.0 = Debug|Any CPU
		{7CD91523-598F-4CFF-A0E7-6CA1BF5E7F60}.Release|Any CPU.ActiveCfg = Release|Any CPU
		{7CD91523-598F-4CFF-A0E7-6CA1BF5E7F60}.Release|Any CPU.Build.0 = Release|Any CPU
		{7EDC49FB-34A8-4BD6-9352-C2EA355C306B}.Debug|Any CPU.ActiveCfg = Debug|Any CPU
		{7EDC49FB-34A8-4BD6-9352-C2EA355C306B}.Debug|Any CPU.Build.0 = Debug|Any CPU
		{7EDC49FB-34A8-4BD6-9352-C2EA355C306B}.Release|Any CPU.ActiveCfg = Release|Any CPU
		{7EDC49FB-34A8-4BD6-9352-C2EA355C306B}.Release|Any CPU.Build.0 = Release|Any CPU
	EndGlobalSection
	GlobalSection(SolutionProperties) = preSolution
		HideSolutionNode = FALSE
	EndGlobalSection
EndGlobal
